
Microsoft Visual Studio Solution File, Format Version 12.00
# Visual Studio 15
VisualStudioVersion = 15.0.28307.705
MinimumVisualStudioVersion = 10.0.40219.1
Project("{FAE04EC0-301F-11D3-BF4B-00C04F79EFBC}") = "Cards.Android", "Cards\Cards.Android\Cards.Android.csproj", "{CFC2404A-B8C6-4B89-98BD-13C69D74870D}"
EndProject
Project("{FAE04EC0-301F-11D3-BF4B-00C04F79EFBC}") = "Cards.iOS", "Cards\Cards.iOS\Cards.iOS.csproj", "{C9B020D5-BBB5-4D59-8D49-B3FB17AFEC39}"
EndProject
Project("{FAE04EC0-301F-11D3-BF4B-00C04F79EFBC}") = "Cards", "Cards\Cards\Cards.csproj", "{C07A8A99-562E-45BF-B1A0-0C8F5080AD42}"
EndProject
Global
	GlobalSection(SolutionConfigurationPlatforms) = preSolution
		Ad-Hoc|Any CPU = Ad-Hoc|Any CPU
		Ad-Hoc|iPhone = Ad-Hoc|iPhone
		Ad-Hoc|iPhoneSimulator = Ad-Hoc|iPhoneSimulator
		AppStore|Any CPU = AppStore|Any CPU
		AppStore|iPhone = AppStore|iPhone
		AppStore|iPhoneSimulator = AppStore|iPhoneSimulator
		Debug|Any CPU = Debug|Any CPU
		Debug|iPhone = Debug|iPhone
		Debug|iPhoneSimulator = Debug|iPhoneSimulator
		Release|Any CPU = Release|Any CPU
		Release|iPhone = Release|iPhone
		Release|iPhoneSimulator = Release|iPhoneSimulator
	EndGlobalSection
	GlobalSection(ProjectConfigurationPlatforms) = postSolution
		{CFC2404A-B8C6-4B89-98BD-13C69D74870D}.Ad-Hoc|Any CPU.ActiveCfg = Release|Any CPU
		{CFC2404A-B8C6-4B89-98BD-13C69D74870D}.Ad-Hoc|Any CPU.Build.0 = Release|Any CPU
		{CFC2404A-B8C6-4B89-98BD-13C69D74870D}.Ad-Hoc|Any CPU.Deploy.0 = Release|Any CPU
		{CFC2404A-B8C6-4B89-98BD-13C69D74870D}.Ad-Hoc|iPhone.ActiveCfg = Release|Any CPU
		{CFC2404A-B8C6-4B89-98BD-13C69D74870D}.Ad-Hoc|iPhone.Build.0 = Release|Any CPU
		{CFC2404A-B8C6-4B89-98BD-13C69D74870D}.Ad-Hoc|iPhone.Deploy.0 = Release|Any CPU
		{CFC2404A-B8C6-4B89-98BD-13C69D74870D}.Ad-Hoc|iPhoneSimulator.ActiveCfg = Release|Any CPU
		{CFC2404A-B8C6-4B89-98BD-13C69D74870D}.Ad-Hoc|iPhoneSimulator.Build.0 = Release|Any CPU
		{CFC2404A-B8C6-4B89-98BD-13C69D74870D}.Ad-Hoc|iPhoneSimulator.Deploy.0 = Release|Any CPU
		{CFC2404A-B8C6-4B89-98BD-13C69D74870D}.AppStore|Any CPU.ActiveCfg = Release|Any CPU
		{CFC2404A-B8C6-4B89-98BD-13C69D74870D}.AppStore|Any CPU.Build.0 = Release|Any CPU
		{CFC2404A-B8C6-4B89-98BD-13C69D74870D}.AppStore|Any CPU.Deploy.0 = Release|Any CPU
		{CFC2404A-B8C6-4B89-98BD-13C69D74870D}.AppStore|iPhone.ActiveCfg = Release|Any CPU
		{CFC2404A-B8C6-4B89-98BD-13C69D74870D}.AppStore|iPhone.Build.0 = Release|Any CPU
		{CFC2404A-B8C6-4B89-98BD-13C69D74870D}.AppStore|iPhone.Deploy.0 = Release|Any CPU
		{CFC2404A-B8C6-4B89-98BD-13C69D74870D}.AppStore|iPhoneSimulator.ActiveCfg = Release|Any CPU
		{CFC2404A-B8C6-4B89-98BD-13C69D74870D}.AppStore|iPhoneSimulator.Build.0 = Release|Any CPU
		{CFC2404A-B8C6-4B89-98BD-13C69D74870D}.AppStore|iPhoneSimulator.Deploy.0 = Release|Any CPU
		{CFC2404A-B8C6-4B89-98BD-13C69D74870D}.Debug|Any CPU.ActiveCfg = Debug|Any CPU
		{CFC2404A-B8C6-4B89-98BD-13C69D74870D}.Debug|Any CPU.Build.0 = Debug|Any CPU
		{CFC2404A-B8C6-4B89-98BD-13C69D74870D}.Debug|Any CPU.Deploy.0 = Debug|Any CPU
		{CFC2404A-B8C6-4B89-98BD-13C69D74870D}.Debug|iPhone.ActiveCfg = Debug|Any CPU
		{CFC2404A-B8C6-4B89-98BD-13C69D74870D}.Debug|iPhone.Build.0 = Debug|Any CPU
		{CFC2404A-B8C6-4B89-98BD-13C69D74870D}.Debug|iPhone.Deploy.0 = Debug|Any CPU
		{CFC2404A-B8C6-4B89-98BD-13C69D74870D}.Debug|iPhoneSimulator.ActiveCfg = Debug|Any CPU
		{CFC2404A-B8C6-4B89-98BD-13C69D74870D}.Debug|iPhoneSimulator.Build.0 = Debug|Any CPU
		{CFC2404A-B8C6-4B89-98BD-13C69D74870D}.Debug|iPhoneSimulator.Deploy.0 = Debug|Any CPU
		{CFC2404A-B8C6-4B89-98BD-13C69D74870D}.Release|Any CPU.ActiveCfg = Release|Any CPU
		{CFC2404A-B8C6-4B89-98BD-13C69D74870D}.Release|Any CPU.Build.0 = Release|Any CPU
		{CFC2404A-B8C6-4B89-98BD-13C69D74870D}.Release|Any CPU.Deploy.0 = Release|Any CPU
		{CFC2404A-B8C6-4B89-98BD-13C69D74870D}.Release|iPhone.ActiveCfg = Release|Any CPU
		{CFC2404A-B8C6-4B89-98BD-13C69D74870D}.Release|iPhone.Build.0 = Release|Any CPU
		{CFC2404A-B8C6-4B89-98BD-13C69D74870D}.Release|iPhone.Deploy.0 = Release|Any CPU
		{CFC2404A-B8C6-4B89-98BD-13C69D74870D}.Release|iPhoneSimulator.ActiveCfg = Release|Any CPU
		{CFC2404A-B8C6-4B89-98BD-13C69D74870D}.Release|iPhoneSimulator.Build.0 = Release|Any CPU
		{CFC2404A-B8C6-4B89-98BD-13C69D74870D}.Release|iPhoneSimulator.Deploy.0 = Release|Any CPU
		{C9B020D5-BBB5-4D59-8D49-B3FB17AFEC39}.Ad-Hoc|Any CPU.ActiveCfg = Ad-Hoc|iPhone
		{C9B020D5-BBB5-4D59-8D49-B3FB17AFEC39}.Ad-Hoc|Any CPU.Build.0 = Ad-Hoc|iPhone
		{C9B020D5-BBB5-4D59-8D49-B3FB17AFEC39}.Ad-Hoc|Any CPU.Deploy.0 = Ad-Hoc|iPhone
		{C9B020D5-BBB5-4D59-8D49-B3FB17AFEC39}.Ad-Hoc|iPhone.ActiveCfg = Ad-Hoc|iPhone
		{C9B020D5-BBB5-4D59-8D49-B3FB17AFEC39}.Ad-Hoc|iPhone.Build.0 = Ad-Hoc|iPhone
		{C9B020D5-BBB5-4D59-8D49-B3FB17AFEC39}.Ad-Hoc|iPhone.Deploy.0 = Ad-Hoc|iPhone
		{C9B020D5-BBB5-4D59-8D49-B3FB17AFEC39}.Ad-Hoc|iPhoneSimulator.ActiveCfg = Ad-Hoc|iPhoneSimulator
		{C9B020D5-BBB5-4D59-8D49-B3FB17AFEC39}.Ad-Hoc|iPhoneSimulator.Build.0 = Ad-Hoc|iPhoneSimulator
		{C9B020D5-BBB5-4D59-8D49-B3FB17AFEC39}.Ad-Hoc|iPhoneSimulator.Deploy.0 = Ad-Hoc|iPhoneSimulator
		{C9B020D5-BBB5-4D59-8D49-B3FB17AFEC39}.AppStore|Any CPU.ActiveCfg = AppStore|iPhone
		{C9B020D5-BBB5-4D59-8D49-B3FB17AFEC39}.AppStore|Any CPU.Build.0 = AppStore|iPhone
		{C9B020D5-BBB5-4D59-8D49-B3FB17AFEC39}.AppStore|Any CPU.Deploy.0 = AppStore|iPhone
		{C9B020D5-BBB5-4D59-8D49-B3FB17AFEC39}.AppStore|iPhone.ActiveCfg = AppStore|iPhone
		{C9B020D5-BBB5-4D59-8D49-B3FB17AFEC39}.AppStore|iPhone.Build.0 = AppStore|iPhone
		{C9B020D5-BBB5-4D59-8D49-B3FB17AFEC39}.AppStore|iPhone.Deploy.0 = AppStore|iPhone
		{C9B020D5-BBB5-4D59-8D49-B3FB17AFEC39}.AppStore|iPhoneSimulator.ActiveCfg = AppStore|iPhoneSimulator
		{C9B020D5-BBB5-4D59-8D49-B3FB17AFEC39}.AppStore|iPhoneSimulator.Build.0 = AppStore|iPhoneSimulator
		{C9B020D5-BBB5-4D59-8D49-B3FB17AFEC39}.AppStore|iPhoneSimulator.Deploy.0 = AppStore|iPhoneSimulator
		{C9B020D5-BBB5-4D59-8D49-B3FB17AFEC39}.Debug|Any CPU.ActiveCfg = Debug|iPhoneSimulator
		{C9B020D5-BBB5-4D59-8D49-B3FB17AFEC39}.Debug|Any CPU.Build.0 = Debug|iPhoneSimulator
		{C9B020D5-BBB5-4D59-8D49-B3FB17AFEC39}.Debug|Any CPU.Deploy.0 = Debug|iPhoneSimulator
		{C9B020D5-BBB5-4D59-8D49-B3FB17AFEC39}.Debug|iPhone.ActiveCfg = Debug|iPhone
		{C9B020D5-BBB5-4D59-8D49-B3FB17AFEC39}.Debug|iPhone.Build.0 = Debug|iPhone
		{C9B020D5-BBB5-4D59-8D49-B3FB17AFEC39}.Debug|iPhone.Deploy.0 = Debug|iPhone
		{C9B020D5-BBB5-4D59-8D49-B3FB17AFEC39}.Debug|iPhoneSimulator.ActiveCfg = Debug|iPhoneSimulator
		{C9B020D5-BBB5-4D59-8D49-B3FB17AFEC39}.Debug|iPhoneSimulator.Build.0 = Debug|iPhoneSimulator
		{C9B020D5-BBB5-4D59-8D49-B3FB17AFEC39}.Debug|iPhoneSimulator.Deploy.0 = Debug|iPhoneSimulator
		{C9B020D5-BBB5-4D59-8D49-B3FB17AFEC39}.Release|Any CPU.ActiveCfg = Release|iPhone
		{C9B020D5-BBB5-4D59-8D49-B3FB17AFEC39}.Release|Any CPU.Build.0 = Release|iPhone
		{C9B020D5-BBB5-4D59-8D49-B3FB17AFEC39}.Release|Any CPU.Deploy.0 = Release|iPhone
		{C9B020D5-BBB5-4D59-8D49-B3FB17AFEC39}.Release|iPhone.ActiveCfg = Release|iPhone
		{C9B020D5-BBB5-4D59-8D49-B3FB17AFEC39}.Release|iPhone.Build.0 = Release|iPhone
		{C9B020D5-BBB5-4D59-8D49-B3FB17AFEC39}.Release|iPhone.Deploy.0 = Release|iPhone
		{C9B020D5-BBB5-4D59-8D49-B3FB17AFEC39}.Release|iPhoneSimulator.ActiveCfg = Release|iPhoneSimulator
		{C9B020D5-BBB5-4D59-8D49-B3FB17AFEC39}.Release|iPhoneSimulator.Build.0 = Release|iPhoneSimulator
		{C9B020D5-BBB5-4D59-8D49-B3FB17AFEC39}.Release|iPhoneSimulator.Deploy.0 = Release|iPhoneSimulator
		{C07A8A99-562E-45BF-B1A0-0C8F5080AD42}.Ad-Hoc|Any CPU.ActiveCfg = Debug|Any CPU
		{C07A8A99-562E-45BF-B1A0-0C8F5080AD42}.Ad-Hoc|Any CPU.Build.0 = Debug|Any CPU
		{C07A8A99-562E-45BF-B1A0-0C8F5080AD42}.Ad-Hoc|Any CPU.Deploy.0 = Debug|Any CPU
		{C07A8A99-562E-45BF-B1A0-0C8F5080AD42}.Ad-Hoc|iPhone.ActiveCfg = Debug|Any CPU
		{C07A8A99-562E-45BF-B1A0-0C8F5080AD42}.Ad-Hoc|iPhone.Build.0 = Debug|Any CPU
		{C07A8A99-562E-45BF-B1A0-0C8F5080AD42}.Ad-Hoc|iPhone.Deploy.0 = Debug|Any CPU
		{C07A8A99-562E-45BF-B1A0-0C8F5080AD42}.Ad-Hoc|iPhoneSimulator.ActiveCfg = Debug|Any CPU
		{C07A8A99-562E-45BF-B1A0-0C8F5080AD42}.Ad-Hoc|iPhoneSimulator.Build.0 = Debug|Any CPU
		{C07A8A99-562E-45BF-B1A0-0C8F5080AD42}.Ad-Hoc|iPhoneSimulator.Deploy.0 = Debug|Any CPU
		{C07A8A99-562E-45BF-B1A0-0C8F5080AD42}.AppStore|Any CPU.ActiveCfg = Debug|Any CPU
		{C07A8A99-562E-45BF-B1A0-0C8F5080AD42}.AppStore|Any CPU.Build.0 = Debug|Any CPU
		{C07A8A99-562E-45BF-B1A0-0C8F5080AD42}.AppStore|Any CPU.Deploy.0 = Debug|Any CPU
		{C07A8A99-562E-45BF-B1A0-0C8F5080AD42}.AppStore|iPhone.ActiveCfg = Debug|Any CPU
		{C07A8A99-562E-45BF-B1A0-0C8F5080AD42}.AppStore|iPhone.Build.0 = Debug|Any CPU
		{C07A8A99-562E-45BF-B1A0-0C8F5080AD42}.AppStore|iPhone.Deploy.0 = Debug|Any CPU
		{C07A8A99-562E-45BF-B1A0-0C8F5080AD42}.AppStore|iPhoneSimulator.ActiveCfg = Debug|Any CPU
		{C07A8A99-562E-45BF-B1A0-0C8F5080AD42}.AppStore|iPhoneSimulator.Build.0 = Debug|Any CPU
		{C07A8A99-562E-45BF-B1A0-0C8F5080AD42}.AppStore|iPhoneSimulator.Deploy.0 = Debug|Any CPU
		{C07A8A99-562E-45BF-B1A0-0C8F5080AD42}.Debug|Any CPU.ActiveCfg = Debug|Any CPU
		{C07A8A99-562E-45BF-B1A0-0C8F5080AD42}.Debug|Any CPU.Build.0 = Debug|Any CPU
		{C07A8A99-562E-45BF-B1A0-0C8F5080AD42}.Debug|Any CPU.Deploy.0 = Debug|Any CPU
		{C07A8A99-562E-45BF-B1A0-0C8F5080AD42}.Debug|iPhone.ActiveCfg = Debug|Any CPU
		{C07A8A99-562E-45BF-B1A0-0C8F5080AD42}.Debug|iPhone.Build.0 = Debug|Any CPU
		{C07A8A99-562E-45BF-B1A0-0C8F5080AD42}.Debug|iPhone.Deploy.0 = Debug|Any CPU
		{C07A8A99-562E-45BF-B1A0-0C8F5080AD42}.Debug|iPhoneSimulator.ActiveCfg = Debug|Any CPU
		{C07A8A99-562E-45BF-B1A0-0C8F5080AD42}.Debug|iPhoneSimulator.Build.0 = Debug|Any CPU
		{C07A8A99-562E-45BF-B1A0-0C8F5080AD42}.Debug|iPhoneSimulator.Deploy.0 = Debug|Any CPU
		{C07A8A99-562E-45BF-B1A0-0C8F5080AD42}.Release|Any CPU.ActiveCfg = Release|Any CPU
		{C07A8A99-562E-45BF-B1A0-0C8F5080AD42}.Release|Any CPU.Build.0 = Release|Any CPU
		{C07A8A99-562E-45BF-B1A0-0C8F5080AD42}.Release|Any CPU.Deploy.0 = Release|Any CPU
		{C07A8A99-562E-45BF-B1A0-0C8F5080AD42}.Release|iPhone.ActiveCfg = Release|Any CPU
		{C07A8A99-562E-45BF-B1A0-0C8F5080AD42}.Release|iPhone.Build.0 = Release|Any CPU
		{C07A8A99-562E-45BF-B1A0-0C8F5080AD42}.Release|iPhone.Deploy.0 = Release|Any CPU
		{C07A8A99-562E-45BF-B1A0-0C8F5080AD42}.Release|iPhoneSimulator.ActiveCfg = Release|Any CPU
		{C07A8A99-562E-45BF-B1A0-0C8F5080AD42}.Release|iPhoneSimulator.Build.0 = Release|Any CPU
		{C07A8A99-562E-45BF-B1A0-0C8F5080AD42}.Release|iPhoneSimulator.Deploy.0 = Release|Any CPU
	EndGlobalSection
	GlobalSection(SolutionProperties) = preSolution
		HideSolutionNode = FALSE
	EndGlobalSection
	GlobalSection(ExtensibilityGlobals) = postSolution
		SolutionGuid = {3D927F40-522A-41FF-BE5C-BB083EE7228C}
	EndGlobalSection
EndGlobal
